// !$*UTF8*$!
{
	archiveVersion = 1;
	classes = {
	};
	objectVersion = 46;
	objects = {

/* Begin PBXBuildFile section */
		2D3754181A788F660064CB10 /* Black-Hole-1@2x.png in Resources */ = {isa = PBXBuildFile; fileRef = 2D3754171A788F660064CB10 /* Black-Hole-1@2x.png */; };
		2D4C0B9A19A6D29B00AD0717 /* Ships.m in Sources */ = {isa = PBXBuildFile; fileRef = 2D4C0B9919A6D29B00AD0717 /* Ships.m */; };
		2D800FFA19AC14FC0067CAC1 /* Obstacles.m in Sources */ = {isa = PBXBuildFile; fileRef = 2D800FF919AC14FC0067CAC1 /* Obstacles.m */; };
		2D99094A1A1EC09D00D9CDE8 /* Laser.png in Resources */ = {isa = PBXBuildFile; fileRef = 2D9909491A1EC09D00D9CDE8 /* Laser.png */; };
		2D9C37991A771F020083E283 /* Audio_press@2x.png in Resources */ = {isa = PBXBuildFile; fileRef = 2D9C37961A771F020083E283 /* Audio_press@2x.png */; };
		2D9C379A1A771F020083E283 /* Audio@2x.png in Resources */ = {isa = PBXBuildFile; fileRef = 2D9C37971A771F020083E283 /* Audio@2x.png */; };
		2DA3A7141A7717880026BD54 /* vibrateButton_off@2x.png in Resources */ = {isa = PBXBuildFile; fileRef = 2DA3A7111A7717880026BD54 /* vibrateButton_off@2x.png */; };
		2DA3A7151A7717880026BD54 /* vibrateButton_press@2x.png in Resources */ = {isa = PBXBuildFile; fileRef = 2DA3A7121A7717880026BD54 /* vibrateButton_press@2x.png */; };
		2DA3A7161A7717880026BD54 /* vibrateButton@2x.png in Resources */ = {isa = PBXBuildFile; fileRef = 2DA3A7131A7717880026BD54 /* vibrateButton@2x.png */; };
		2DB3521B19996B83006BF15C /* Foundation.framework in Frameworks */ = {isa = PBXBuildFile; fileRef = 2DB3521A19996B83006BF15C /* Foundation.framework */; };
		2DB3521D19996B83006BF15C /* CoreGraphics.framework in Frameworks */ = {isa = PBXBuildFile; fileRef = 2DB3521C19996B83006BF15C /* CoreGraphics.framework */; };
		2DB3521F19996B83006BF15C /* UIKit.framework in Frameworks */ = {isa = PBXBuildFile; fileRef = 2DB3521E19996B83006BF15C /* UIKit.framework */; };
		2DB3522119996B83006BF15C /* SpriteKit.framework in Frameworks */ = {isa = PBXBuildFile; fileRef = 2DB3522019996B83006BF15C /* SpriteKit.framework */; };
		2DB3522719996B83006BF15C /* InfoPlist.strings in Resources */ = {isa = PBXBuildFile; fileRef = 2DB3522519996B83006BF15C /* InfoPlist.strings */; };
		2DB3522919996B83006BF15C /* main.m in Sources */ = {isa = PBXBuildFile; fileRef = 2DB3522819996B83006BF15C /* main.m */; };
		2DB3522D19996B83006BF15C /* AppDelegate.m in Sources */ = {isa = PBXBuildFile; fileRef = 2DB3522C19996B83006BF15C /* AppDelegate.m */; };
		2DB3523019996B83006BF15C /* Main.storyboard in Resources */ = {isa = PBXBuildFile; fileRef = 2DB3522E19996B83006BF15C /* Main.storyboard */; };
		2DB3523319996B83006BF15C /* ViewController.m in Sources */ = {isa = PBXBuildFile; fileRef = 2DB3523219996B83006BF15C /* ViewController.m */; };
		2DB3523619996B83006BF15C /* MainMenu.m in Sources */ = {isa = PBXBuildFile; fileRef = 2DB3523519996B83006BF15C /* MainMenu.m */; };
		2DB3523A19996B83006BF15C /* Images.xcassets in Resources */ = {isa = PBXBuildFile; fileRef = 2DB3523919996B83006BF15C /* Images.xcassets */; };
		2DB3524119996B83006BF15C /* XCTest.framework in Frameworks */ = {isa = PBXBuildFile; fileRef = 2DB3524019996B83006BF15C /* XCTest.framework */; };
		2DB3524219996B83006BF15C /* Foundation.framework in Frameworks */ = {isa = PBXBuildFile; fileRef = 2DB3521A19996B83006BF15C /* Foundation.framework */; };
		2DB3524319996B83006BF15C /* UIKit.framework in Frameworks */ = {isa = PBXBuildFile; fileRef = 2DB3521E19996B83006BF15C /* UIKit.framework */; };
		2DB3524B19996B83006BF15C /* InfoPlist.strings in Resources */ = {isa = PBXBuildFile; fileRef = 2DB3524919996B83006BF15C /* InfoPlist.strings */; };
		2DB3524D19996B83006BF15C /* Nova_WingTests.m in Sources */ = {isa = PBXBuildFile; fileRef = 2DB3524C19996B83006BF15C /* Nova_WingTests.m */; };
		2DB35262199972CD006BF15C /* GameObjects.m in Sources */ = {isa = PBXBuildFile; fileRef = 2DB35261199972CD006BF15C /* GameObjects.m */; };
		2DB3526B19997A98006BF15C /* GameState.m in Sources */ = {isa = PBXBuildFile; fileRef = 2DB3526A19997A98006BF15C /* GameState.m */; };
		2DB352761999940A006BF15C /* buttonLeaderboard.png in Resources */ = {isa = PBXBuildFile; fileRef = 2DB352701999940A006BF15C /* buttonLeaderboard.png */; };
		2DB352771999940A006BF15C /* buttonPressLeaderboard.png in Resources */ = {isa = PBXBuildFile; fileRef = 2DB352711999940A006BF15C /* buttonPressLeaderboard.png */; };
		2DB352781999940A006BF15C /* buttonPressSettings.png in Resources */ = {isa = PBXBuildFile; fileRef = 2DB352721999940A006BF15C /* buttonPressSettings.png */; };
		2DB352791999940A006BF15C /* buttonPressStart.png in Resources */ = {isa = PBXBuildFile; fileRef = 2DB352731999940A006BF15C /* buttonPressStart.png */; };
		2DB3527A1999940A006BF15C /* buttonSettings.png in Resources */ = {isa = PBXBuildFile; fileRef = 2DB352741999940A006BF15C /* buttonSettings.png */; };
		2DB3527B1999940A006BF15C /* buttonStart.png in Resources */ = {isa = PBXBuildFile; fileRef = 2DB352751999940A006BF15C /* buttonStart.png */; };
		2DB3528619999445006BF15C /* AOb-1@2x.png in Resources */ = {isa = PBXBuildFile; fileRef = 2DB3527F19999445006BF15C /* AOb-1@2x.png */; };
		2DB3528719999445006BF15C /* AOb-2@2x.png in Resources */ = {isa = PBXBuildFile; fileRef = 2DB3528019999445006BF15C /* AOb-2@2x.png */; };
		2DB3528819999445006BF15C /* AOb-3@2x.png in Resources */ = {isa = PBXBuildFile; fileRef = 2DB3528119999445006BF15C /* AOb-3@2x.png */; };
		2DB3528919999445006BF15C /* Pillar-1@2x.png in Resources */ = {isa = PBXBuildFile; fileRef = 2DB3528219999445006BF15C /* Pillar-1@2x.png */; };
		2DB3528A19999445006BF15C /* Pillar-2@2x.png in Resources */ = {isa = PBXBuildFile; fileRef = 2DB3528319999445006BF15C /* Pillar-2@2x.png */; };
		2DB3528B19999445006BF15C /* Pillar-3@2x.png in Resources */ = {isa = PBXBuildFile; fileRef = 2DB3528419999445006BF15C /* Pillar-3@2x.png */; };
		2DB3528C19999445006BF15C /* Pillar-4@2x.png in Resources */ = {isa = PBXBuildFile; fileRef = 2DB3528519999445006BF15C /* Pillar-4@2x.png */; };
		2DB3529119999485006BF15C /* Level-1-Far@2x.png in Resources */ = {isa = PBXBuildFile; fileRef = 2DB3528D19999485006BF15C /* Level-1-Far@2x.png */; };
		2DB3529219999485006BF15C /* Level-1-Floor@2x.png in Resources */ = {isa = PBXBuildFile; fileRef = 2DB3528E19999485006BF15C /* Level-1-Floor@2x.png */; };
		2DB3529319999485006BF15C /* Level-1-Mid@2x.png in Resources */ = {isa = PBXBuildFile; fileRef = 2DB3528F19999485006BF15C /* Level-1-Mid@2x.png */; };
		2DB3529419999485006BF15C /* Level-1-Sky@2x.png in Resources */ = {isa = PBXBuildFile; fileRef = 2DB3529019999485006BF15C /* Level-1-Sky@2x.png */; };
		2DB35299199994B9006BF15C /* Stars-Seamless.jpg in Resources */ = {isa = PBXBuildFile; fileRef = 2DB35298199994B9006BF15C /* Stars-Seamless.jpg */; };
		2DB3529B199994C0006BF15C /* Title.png in Resources */ = {isa = PBXBuildFile; fileRef = 2DB3529A199994C0006BF15C /* Title.png */; };
		2DB352A4199998BA006BF15C /* AVFoundation.framework in Frameworks */ = {isa = PBXBuildFile; fileRef = 2DB352A3199998BA006BF15C /* AVFoundation.framework */; };
		2DB352A619999942006BF15C /* AudioToolbox.framework in Frameworks */ = {isa = PBXBuildFile; fileRef = 2DB352A519999942006BF15C /* AudioToolbox.framework */; };
		2DB352AA19999D1B006BF15C /* Level-2@2x.png in Resources */ = {isa = PBXBuildFile; fileRef = 2DB352A919999D1B006BF15C /* Level-2@2x.png */; };
		2DB352AC19999D5A006BF15C /* SF Movie Poster.ttf in Resources */ = {isa = PBXBuildFile; fileRef = 2DB352AB19999D5A006BF15C /* SF Movie Poster.ttf */; };
		2DB352AE1999A0C4006BF15C /* GameOver-BG@2x.png in Resources */ = {isa = PBXBuildFile; fileRef = 2DB352AD1999A0C4006BF15C /* GameOver-BG@2x.png */; };
		760897AF1A24FBEA002C28EB /* Tutorial.m in Sources */ = {isa = PBXBuildFile; fileRef = 760897AE1A24FBEA002C28EB /* Tutorial.m */; };
		760C79C21A70281900E58170 /* Ship-Fragment.atlas in Resources */ = {isa = PBXBuildFile; fileRef = 760C79C11A70281900E58170 /* Ship-Fragment.atlas */; };
		760C79C41A702B9700E58170 /* Shield.atlas in Resources */ = {isa = PBXBuildFile; fileRef = 760C79C31A702B9700E58170 /* Shield.atlas */; };
		76105BD119E5B3D400A3F242 /* Multipliers.m in Sources */ = {isa = PBXBuildFile; fileRef = 76105BD019E5B3D400A3F242 /* Multipliers.m */; };
		76105BD719F1DB1300A3F242 /* NWAudioPlayer.m in Sources */ = {isa = PBXBuildFile; fileRef = 76105BD619F1DB1300A3F242 /* NWAudioPlayer.m */; };
		763BCEC91A32A8A500AF65DB /* buttonPressCodex.png in Resources */ = {isa = PBXBuildFile; fileRef = 763BCEC71A32A8A500AF65DB /* buttonPressCodex.png */; };
		763BCECD1A32B67600AF65DB /* buttonCodex.png in Resources */ = {isa = PBXBuildFile; fileRef = 763BCECC1A32B67600AF65DB /* buttonCodex.png */; };
		763BCECF1A32BA2300AF65DB /* Settings.png in Resources */ = {isa = PBXBuildFile; fileRef = 763BCECE1A32BA2300AF65DB /* Settings.png */; };
		763BCED41A334F0000AF65DB /* NWCodex.m in Sources */ = {isa = PBXBuildFile; fileRef = 763BCED31A334F0000AF65DB /* NWCodex.m */; };
		763BCED71A33550000AF65DB /* buttonCredits.png in Resources */ = {isa = PBXBuildFile; fileRef = 763BCED51A33550000AF65DB /* buttonCredits.png */; };
		763BCED81A33550000AF65DB /* buttonPressCredits.png in Resources */ = {isa = PBXBuildFile; fileRef = 763BCED61A33550000AF65DB /* buttonPressCredits.png */; };
		7640AFB819E06F9A00EFD3C5 /* 2xMulti@2x.png in Resources */ = {isa = PBXBuildFile; fileRef = 7640AFB619E06F9A00EFD3C5 /* 2xMulti@2x.png */; };
		7640AFB919E06F9A00EFD3C5 /* 3xMulti@2x.png in Resources */ = {isa = PBXBuildFile; fileRef = 7640AFB719E06F9A00EFD3C5 /* 3xMulti@2x.png */; };
		764BF94D199EBC3F007DABF8 /* KeychainWrapper.m in Sources */ = {isa = PBXBuildFile; fileRef = 764BF94C199EBC3F007DABF8 /* KeychainWrapper.m */; };
		764BF9A219A19A11007DABF8 /* arrowL@2x.png in Resources */ = {isa = PBXBuildFile; fileRef = 764BF9A019A19A11007DABF8 /* arrowL@2x.png */; };
		764BF9A319A19A11007DABF8 /* arrowR@2x.png in Resources */ = {isa = PBXBuildFile; fileRef = 764BF9A119A19A11007DABF8 /* arrowR@2x.png */; };
		764BF9A619A2BC04007DABF8 /* Nova-L2@2x.png in Resources */ = {isa = PBXBuildFile; fileRef = 764BF9A419A2BC04007DABF8 /* Nova-L2@2x.png */; };
		764BF9A719A2BC04007DABF8 /* Nova-L1@2x.png in Resources */ = {isa = PBXBuildFile; fileRef = 764BF9A519A2BC04007DABF8 /* Nova-L1@2x.png */; };
		7651E8D519B0EC8900F7E9D0 /* Level-1-Music.m4a in Resources */ = {isa = PBXBuildFile; fileRef = 7651E8D419B0EC8900F7E9D0 /* Level-1-Music.m4a */; };
		7651E8D719B0FFA900F7E9D0 /* Level-2-Music.m4a in Resources */ = {isa = PBXBuildFile; fileRef = 7651E8D619B0FFA900F7E9D0 /* Level-2-Music.m4a */; };
		765C9BE11A2109860050C847 /* NWColor.m in Sources */ = {isa = PBXBuildFile; fileRef = 765C9BE01A2109860050C847 /* NWColor.m */; };
		765DF28E19A9290F00FBFB16 /* LevelOne.m in Sources */ = {isa = PBXBuildFile; fileRef = 765DF28D19A9290F00FBFB16 /* LevelOne.m */; };
		765DF29119A9293100FBFB16 /* spark.png in Resources */ = {isa = PBXBuildFile; fileRef = 765DF28F19A9293100FBFB16 /* spark.png */; };
		765DF29219A9293100FBFB16 /* Stars-L1.sks in Resources */ = {isa = PBXBuildFile; fileRef = 765DF29019A9293100FBFB16 /* Stars-L1.sks */; };
		765DF29519A9293D00FBFB16 /* NORLabelNode.m in Sources */ = {isa = PBXBuildFile; fileRef = 765DF29419A9293D00FBFB16 /* NORLabelNode.m */; };
		765DF29919A9294B00FBFB16 /* GameOver-L1@2x.png in Resources */ = {isa = PBXBuildFile; fileRef = 765DF29719A9294B00FBFB16 /* GameOver-L1@2x.png */; };
		765DF29C19A9295800FBFB16 /* GameOverL1.m in Sources */ = {isa = PBXBuildFile; fileRef = 765DF29B19A9295800FBFB16 /* GameOverL1.m */; };
		765DF29E19A9298900FBFB16 /* menuMusic.m4a in Resources */ = {isa = PBXBuildFile; fileRef = 765DF29D19A9298900FBFB16 /* menuMusic.m4a */; };
		767320E31A3B96530057EF70 /* NovaWingAppIcon-1024.jpg in Resources */ = {isa = PBXBuildFile; fileRef = 767320DC1A3B96530057EF70 /* NovaWingAppIcon-1024.jpg */; };
		767320E41A3B96530057EF70 /* NovaWingIcon@2x.png in Resources */ = {isa = PBXBuildFile; fileRef = 767320DD1A3B96530057EF70 /* NovaWingIcon@2x.png */; };
		767320E51A3B96530057EF70 /* NovaWingIcon@3x.png in Resources */ = {isa = PBXBuildFile; fileRef = 767320DE1A3B96530057EF70 /* NovaWingIcon@3x.png */; };
		767320E61A3B96530057EF70 /* NovaWingSettings@2x.png in Resources */ = {isa = PBXBuildFile; fileRef = 767320DF1A3B96530057EF70 /* NovaWingSettings@2x.png */; };
		767320E71A3B96530057EF70 /* NovaWingSettings@3x.png in Resources */ = {isa = PBXBuildFile; fileRef = 767320E01A3B96530057EF70 /* NovaWingSettings@3x.png */; };
		767320E81A3B96530057EF70 /* NovaWingSpotlight@2x.png in Resources */ = {isa = PBXBuildFile; fileRef = 767320E11A3B96530057EF70 /* NovaWingSpotlight@2x.png */; };
		767320E91A3B96530057EF70 /* NovaWingSpotlight@3x.png in Resources */ = {isa = PBXBuildFile; fileRef = 767320E21A3B96530057EF70 /* NovaWingSpotlight@3x.png */; };
		767320ED1A3CBD8E0057EF70 /* Codex_Constr@2x.jpg in Resources */ = {isa = PBXBuildFile; fileRef = 767320EB1A3CBD8E0057EF70 /* Codex_Constr@2x.jpg */; };
		767320EE1A3CBD8E0057EF70 /* Codex_Constr@3x.jpg in Resources */ = {isa = PBXBuildFile; fileRef = 767320EC1A3CBD8E0057EF70 /* Codex_Constr@3x.jpg */; };
		767320F21A3CBDAD0057EF70 /* buttonPressPlay@2x.png in Resources */ = {isa = PBXBuildFile; fileRef = 767320EF1A3CBDAD0057EF70 /* buttonPressPlay@2x.png */; };
		767320F31A3CBDAD0057EF70 /* buttonPressReplayTut.png in Resources */ = {isa = PBXBuildFile; fileRef = 767320F01A3CBDAD0057EF70 /* buttonPressReplayTut.png */; };
		767320F41A3CBDAD0057EF70 /* buttonReplayTut.png in Resources */ = {isa = PBXBuildFile; fileRef = 767320F11A3CBDAD0057EF70 /* buttonReplayTut.png */; };
		767320F61A3CBDD70057EF70 /* buttonPlay@2x.png in Resources */ = {isa = PBXBuildFile; fileRef = 767320F51A3CBDD70057EF70 /* buttonPlay@2x.png */; };
		7673212C1A574CE00057EF70 /* AutoCannon-Fire.caf in Resources */ = {isa = PBXBuildFile; fileRef = 7673211F1A574CE00057EF70 /* AutoCannon-Fire.caf */; };
		7673212D1A574CE00057EF70 /* AutoCannon-Spool.caf in Resources */ = {isa = PBXBuildFile; fileRef = 767321201A574CE00057EF70 /* AutoCannon-Spool.caf */; };
		7673212E1A574CE00057EF70 /* Button-Press.caf in Resources */ = {isa = PBXBuildFile; fileRef = 767321211A574CE00057EF70 /* Button-Press.caf */; };
		7673212F1A574CE00057EF70 /* Cannon-Hit-Explode.caf in Resources */ = {isa = PBXBuildFile; fileRef = 767321221A574CE00057EF70 /* Cannon-Hit-Explode.caf */; };
		767321301A574CE00057EF70 /* Explosion.caf in Resources */ = {isa = PBXBuildFile; fileRef = 767321231A574CE00057EF70 /* Explosion.caf */; };
		767321311A574CE00057EF70 /* Multiplier-Collection.caf in Resources */ = {isa = PBXBuildFile; fileRef = 767321241A574CE00057EF70 /* Multiplier-Collection.caf */; };
		767321321A574CE00057EF70 /* Score-Collect.caf in Resources */ = {isa = PBXBuildFile; fileRef = 767321251A574CE00057EF70 /* Score-Collect.caf */; };
		767321331A574CE00057EF70 /* Shield-PowerUp.caf in Resources */ = {isa = PBXBuildFile; fileRef = 767321261A574CE00057EF70 /* Shield-PowerUp.caf */; };
		767321341A574CE00057EF70 /* ShieldBreak.caf in Resources */ = {isa = PBXBuildFile; fileRef = 767321271A574CE00057EF70 /* ShieldBreak.caf */; };
		767321351A574CE00057EF70 /* ShieldCollision.caf in Resources */ = {isa = PBXBuildFile; fileRef = 767321281A574CE00057EF70 /* ShieldCollision.caf */; };
		767321361A574CE00057EF70 /* Ship-Explode.caf in Resources */ = {isa = PBXBuildFile; fileRef = 767321291A574CE00057EF70 /* Ship-Explode.caf */; };
		767321371A574CE00057EF70 /* TinyNova-Collect.caf in Resources */ = {isa = PBXBuildFile; fileRef = 7673212A1A574CE00057EF70 /* TinyNova-Collect.caf */; };
		767321381A574CE00057EF70 /* Wingman-Collect.caf in Resources */ = {isa = PBXBuildFile; fileRef = 7673212B1A574CE00057EF70 /* Wingman-Collect.caf */; };
		7673213A1A5B66870057EF70 /* Asteroid-1.atlas in Resources */ = {isa = PBXBuildFile; fileRef = 767321391A5B66870057EF70 /* Asteroid-1.atlas */; };
		7673213E1A5C276A0057EF70 /* Asteroid-2.atlas in Resources */ = {isa = PBXBuildFile; fileRef = 7673213B1A5C276A0057EF70 /* Asteroid-2.atlas */; };
		7673213F1A5C276A0057EF70 /* Asteroid-3.atlas in Resources */ = {isa = PBXBuildFile; fileRef = 7673213C1A5C276A0057EF70 /* Asteroid-3.atlas */; };
		767321401A5C276A0057EF70 /* Asteroid-Red.atlas in Resources */ = {isa = PBXBuildFile; fileRef = 7673213D1A5C276A0057EF70 /* Asteroid-Red.atlas */; };
		7678881A19E1C43E009714A1 /* 4xMulti@2x.png in Resources */ = {isa = PBXBuildFile; fileRef = 7678881819E1C43E009714A1 /* 4xMulti@2x.png */; };
		7678881B19E1C43E009714A1 /* 5xMulti@2x.png in Resources */ = {isa = PBXBuildFile; fileRef = 7678881919E1C43E009714A1 /* 5xMulti@2x.png */; };
		767DE0051A0C72FF00E098DF /* TinyNova@2x.png in Resources */ = {isa = PBXBuildFile; fileRef = 767DE0041A0C72FF00E098DF /* TinyNova@2x.png */; };
		76B9821419FC7A4E00F7E606 /* Autocannon@2x.png in Resources */ = {isa = PBXBuildFile; fileRef = 76B9821119FC7A4E00F7E606 /* Autocannon@2x.png */; };
		76B9821519FC7A4E00F7E606 /* Overshield@2x.png in Resources */ = {isa = PBXBuildFile; fileRef = 76B9821219FC7A4E00F7E606 /* Overshield@2x.png */; };
		76B9821619FC7A4F00F7E606 /* Wingman@2x.png in Resources */ = {isa = PBXBuildFile; fileRef = 76B9821319FC7A4E00F7E606 /* Wingman@2x.png */; };
		76B9E91719FB1BE8000EF044 /* ShipTrail.sks in Resources */ = {isa = PBXBuildFile; fileRef = 76B9E91619FB1BE8000EF044 /* ShipTrail.sks */; };
		76B9E91B19FBF04D000EF044 /* PowerUps.m in Sources */ = {isa = PBXBuildFile; fileRef = 76B9E91A19FBF04D000EF044 /* PowerUps.m */; };
		76C6F15419A2CCB100B37331 /* Level-1@2x.png in Resources */ = {isa = PBXBuildFile; fileRef = 76C6F15319A2CCB100B37331 /* Level-1@2x.png */; };
/* End PBXBuildFile section */

/* Begin PBXContainerItemProxy section */
		2DB3524419996B83006BF15C /* PBXContainerItemProxy */ = {
			isa = PBXContainerItemProxy;
			containerPortal = 2DB3520F19996B83006BF15C /* Project object */;
			proxyType = 1;
			remoteGlobalIDString = 2DB3521619996B83006BF15C;
			remoteInfo = "Nova Wing";
		};
/* End PBXContainerItemProxy section */

/* Begin PBXFileReference section */
		2D3754171A788F660064CB10 /* Black-Hole-1@2x.png */ = {isa = PBXFileReference; lastKnownFileType = image.png; path = "Black-Hole-1@2x.png"; sourceTree = "<group>"; };
		2D4C0B9819A6D29B00AD0717 /* Ships.h */ = {isa = PBXFileReference; fileEncoding = 4; lastKnownFileType = sourcecode.c.h; path = Ships.h; sourceTree = "<group>"; };
		2D4C0B9919A6D29B00AD0717 /* Ships.m */ = {isa = PBXFileReference; fileEncoding = 4; lastKnownFileType = sourcecode.c.objc; path = Ships.m; sourceTree = "<group>"; };
		2D800FF819AC14FC0067CAC1 /* Obstacles.h */ = {isa = PBXFileReference; fileEncoding = 4; lastKnownFileType = sourcecode.c.h; path = Obstacles.h; sourceTree = "<group>"; };
		2D800FF919AC14FC0067CAC1 /* Obstacles.m */ = {isa = PBXFileReference; fileEncoding = 4; lastKnownFileType = sourcecode.c.objc; path = Obstacles.m; sourceTree = "<group>"; };
		2D9909491A1EC09D00D9CDE8 /* Laser.png */ = {isa = PBXFileReference; lastKnownFileType = image.png; path = Laser.png; sourceTree = "<group>"; };
		2D9C37951A771F020083E283 /* Audio_off@2x.png */ = {isa = PBXFileReference; lastKnownFileType = image.png; path = "Audio_off@2x.png"; sourceTree = "<group>"; };
		2D9C37961A771F020083E283 /* Audio_press@2x.png */ = {isa = PBXFileReference; lastKnownFileType = image.png; path = "Audio_press@2x.png"; sourceTree = "<group>"; };
		2D9C37971A771F020083E283 /* Audio@2x.png */ = {isa = PBXFileReference; lastKnownFileType = image.png; path = "Audio@2x.png"; sourceTree = "<group>"; };
		2DA3A7111A7717880026BD54 /* vibrateButton_off@2x.png */ = {isa = PBXFileReference; lastKnownFileType = image.png; path = "vibrateButton_off@2x.png"; sourceTree = "<group>"; };
		2DA3A7121A7717880026BD54 /* vibrateButton_press@2x.png */ = {isa = PBXFileReference; lastKnownFileType = image.png; path = "vibrateButton_press@2x.png"; sourceTree = "<group>"; };
		2DA3A7131A7717880026BD54 /* vibrateButton@2x.png */ = {isa = PBXFileReference; lastKnownFileType = image.png; path = "vibrateButton@2x.png"; sourceTree = "<group>"; };
		2DB3521719996B83006BF15C /* Nova Wing.app */ = {isa = PBXFileReference; explicitFileType = wrapper.application; includeInIndex = 0; path = "Nova Wing.app"; sourceTree = BUILT_PRODUCTS_DIR; };
		2DB3521A19996B83006BF15C /* Foundation.framework */ = {isa = PBXFileReference; lastKnownFileType = wrapper.framework; name = Foundation.framework; path = System/Library/Frameworks/Foundation.framework; sourceTree = SDKROOT; };
		2DB3521C19996B83006BF15C /* CoreGraphics.framework */ = {isa = PBXFileReference; lastKnownFileType = wrapper.framework; name = CoreGraphics.framework; path = System/Library/Frameworks/CoreGraphics.framework; sourceTree = SDKROOT; };
		2DB3521E19996B83006BF15C /* UIKit.framework */ = {isa = PBXFileReference; lastKnownFileType = wrapper.framework; name = UIKit.framework; path = System/Library/Frameworks/UIKit.framework; sourceTree = SDKROOT; };
		2DB3522019996B83006BF15C /* SpriteKit.framework */ = {isa = PBXFileReference; lastKnownFileType = wrapper.framework; name = SpriteKit.framework; path = System/Library/Frameworks/SpriteKit.framework; sourceTree = SDKROOT; };
		2DB3522419996B83006BF15C /* Nova Wing-Info.plist */ = {isa = PBXFileReference; lastKnownFileType = text.plist.xml; path = "Nova Wing-Info.plist"; sourceTree = "<group>"; };
		2DB3522619996B83006BF15C /* en */ = {isa = PBXFileReference; lastKnownFileType = text.plist.strings; name = en; path = en.lproj/InfoPlist.strings; sourceTree = "<group>"; };
		2DB3522819996B83006BF15C /* main.m */ = {isa = PBXFileReference; lastKnownFileType = sourcecode.c.objc; path = main.m; sourceTree = "<group>"; };
		2DB3522A19996B83006BF15C /* Nova Wing-Prefix.pch */ = {isa = PBXFileReference; lastKnownFileType = sourcecode.c.h; path = "Nova Wing-Prefix.pch"; sourceTree = "<group>"; };
		2DB3522B19996B83006BF15C /* AppDelegate.h */ = {isa = PBXFileReference; lastKnownFileType = sourcecode.c.h; path = AppDelegate.h; sourceTree = "<group>"; };
		2DB3522C19996B83006BF15C /* AppDelegate.m */ = {isa = PBXFileReference; lastKnownFileType = sourcecode.c.objc; path = AppDelegate.m; sourceTree = "<group>"; };
		2DB3522F19996B83006BF15C /* Base */ = {isa = PBXFileReference; lastKnownFileType = file.storyboard; name = Base; path = Base.lproj/Main.storyboard; sourceTree = "<group>"; };
		2DB3523119996B83006BF15C /* ViewController.h */ = {isa = PBXFileReference; lastKnownFileType = sourcecode.c.h; path = ViewController.h; sourceTree = "<group>"; };
		2DB3523219996B83006BF15C /* ViewController.m */ = {isa = PBXFileReference; lastKnownFileType = sourcecode.c.objc; path = ViewController.m; sourceTree = "<group>"; };
		2DB3523419996B83006BF15C /* MainMenu.h */ = {isa = PBXFileReference; lastKnownFileType = sourcecode.c.h; path = MainMenu.h; sourceTree = "<group>"; };
		2DB3523519996B83006BF15C /* MainMenu.m */ = {isa = PBXFileReference; lastKnownFileType = sourcecode.c.objc; path = MainMenu.m; sourceTree = "<group>"; };
		2DB3523919996B83006BF15C /* Images.xcassets */ = {isa = PBXFileReference; lastKnownFileType = folder.assetcatalog; path = Images.xcassets; sourceTree = "<group>"; };
		2DB3523F19996B83006BF15C /* Nova WingTests.xctest */ = {isa = PBXFileReference; explicitFileType = wrapper.cfbundle; includeInIndex = 0; path = "Nova WingTests.xctest"; sourceTree = BUILT_PRODUCTS_DIR; };
		2DB3524019996B83006BF15C /* XCTest.framework */ = {isa = PBXFileReference; lastKnownFileType = wrapper.framework; name = XCTest.framework; path = Library/Frameworks/XCTest.framework; sourceTree = DEVELOPER_DIR; };
		2DB3524819996B83006BF15C /* Nova WingTests-Info.plist */ = {isa = PBXFileReference; lastKnownFileType = text.plist.xml; path = "Nova WingTests-Info.plist"; sourceTree = "<group>"; };
		2DB3524A19996B83006BF15C /* en */ = {isa = PBXFileReference; lastKnownFileType = text.plist.strings; name = en; path = en.lproj/InfoPlist.strings; sourceTree = "<group>"; };
		2DB3524C19996B83006BF15C /* Nova_WingTests.m */ = {isa = PBXFileReference; lastKnownFileType = sourcecode.c.objc; path = Nova_WingTests.m; sourceTree = "<group>"; };
		2DB3525C19996D6D006BF15C /* PBParallaxScrolling.h */ = {isa = PBXFileReference; fileEncoding = 4; lastKnownFileType = sourcecode.c.h; path = PBParallaxScrolling.h; sourceTree = "<group>"; };
		2DB3525D19996D6D006BF15C /* PBParallaxScrolling.m */ = {isa = PBXFileReference; fileEncoding = 4; lastKnownFileType = sourcecode.c.objc; path = PBParallaxScrolling.m; sourceTree = "<group>"; };
		2DB35260199972CD006BF15C /* GameObjects.h */ = {isa = PBXFileReference; fileEncoding = 4; lastKnownFileType = sourcecode.c.h; path = GameObjects.h; sourceTree = "<group>"; };
		2DB35261199972CD006BF15C /* GameObjects.m */ = {isa = PBXFileReference; fileEncoding = 4; lastKnownFileType = sourcecode.c.objc; path = GameObjects.m; sourceTree = "<group>"; };
		2DB3526919997A98006BF15C /* GameState.h */ = {isa = PBXFileReference; fileEncoding = 4; lastKnownFileType = sourcecode.c.h; path = GameState.h; sourceTree = "<group>"; };
		2DB3526A19997A98006BF15C /* GameState.m */ = {isa = PBXFileReference; fileEncoding = 4; lastKnownFileType = sourcecode.c.objc; path = GameState.m; sourceTree = "<group>"; };
		2DB352701999940A006BF15C /* buttonLeaderboard.png */ = {isa = PBXFileReference; lastKnownFileType = image.png; path = buttonLeaderboard.png; sourceTree = "<group>"; };
		2DB352711999940A006BF15C /* buttonPressLeaderboard.png */ = {isa = PBXFileReference; lastKnownFileType = image.png; path = buttonPressLeaderboard.png; sourceTree = "<group>"; };
		2DB352721999940A006BF15C /* buttonPressSettings.png */ = {isa = PBXFileReference; lastKnownFileType = image.png; path = buttonPressSettings.png; sourceTree = "<group>"; };
		2DB352731999940A006BF15C /* buttonPressStart.png */ = {isa = PBXFileReference; lastKnownFileType = image.png; path = buttonPressStart.png; sourceTree = "<group>"; };
		2DB352741999940A006BF15C /* buttonSettings.png */ = {isa = PBXFileReference; lastKnownFileType = image.png; path = buttonSettings.png; sourceTree = "<group>"; };
		2DB352751999940A006BF15C /* buttonStart.png */ = {isa = PBXFileReference; lastKnownFileType = image.png; path = buttonStart.png; sourceTree = "<group>"; };
		2DB3527F19999445006BF15C /* AOb-1@2x.png */ = {isa = PBXFileReference; lastKnownFileType = image.png; path = "AOb-1@2x.png"; sourceTree = "<group>"; };
		2DB3528019999445006BF15C /* AOb-2@2x.png */ = {isa = PBXFileReference; lastKnownFileType = image.png; path = "AOb-2@2x.png"; sourceTree = "<group>"; };
		2DB3528119999445006BF15C /* AOb-3@2x.png */ = {isa = PBXFileReference; lastKnownFileType = image.png; path = "AOb-3@2x.png"; sourceTree = "<group>"; };
		2DB3528219999445006BF15C /* Pillar-1@2x.png */ = {isa = PBXFileReference; lastKnownFileType = image.png; path = "Pillar-1@2x.png"; sourceTree = "<group>"; };
		2DB3528319999445006BF15C /* Pillar-2@2x.png */ = {isa = PBXFileReference; lastKnownFileType = image.png; path = "Pillar-2@2x.png"; sourceTree = "<group>"; };
		2DB3528419999445006BF15C /* Pillar-3@2x.png */ = {isa = PBXFileReference; lastKnownFileType = image.png; path = "Pillar-3@2x.png"; sourceTree = "<group>"; };
		2DB3528519999445006BF15C /* Pillar-4@2x.png */ = {isa = PBXFileReference; lastKnownFileType = image.png; path = "Pillar-4@2x.png"; sourceTree = "<group>"; };
		2DB3528D19999485006BF15C /* Level-1-Far@2x.png */ = {isa = PBXFileReference; lastKnownFileType = image.png; path = "Level-1-Far@2x.png"; sourceTree = "<group>"; };
		2DB3528E19999485006BF15C /* Level-1-Floor@2x.png */ = {isa = PBXFileReference; lastKnownFileType = image.png; path = "Level-1-Floor@2x.png"; sourceTree = "<group>"; };
		2DB3528F19999485006BF15C /* Level-1-Mid@2x.png */ = {isa = PBXFileReference; lastKnownFileType = image.png; path = "Level-1-Mid@2x.png"; sourceTree = "<group>"; };
		2DB3529019999485006BF15C /* Level-1-Sky@2x.png */ = {isa = PBXFileReference; lastKnownFileType = image.png; path = "Level-1-Sky@2x.png"; sourceTree = "<group>"; };
		2DB35298199994B9006BF15C /* Stars-Seamless.jpg */ = {isa = PBXFileReference; lastKnownFileType = image.jpeg; path = "Stars-Seamless.jpg"; sourceTree = "<group>"; };
		2DB3529A199994C0006BF15C /* Title.png */ = {isa = PBXFileReference; lastKnownFileType = image.png; path = Title.png; sourceTree = "<group>"; };
		2DB352A3199998BA006BF15C /* AVFoundation.framework */ = {isa = PBXFileReference; lastKnownFileType = wrapper.framework; name = AVFoundation.framework; path = System/Library/Frameworks/AVFoundation.framework; sourceTree = SDKROOT; };
		2DB352A519999942006BF15C /* AudioToolbox.framework */ = {isa = PBXFileReference; lastKnownFileType = wrapper.framework; name = AudioToolbox.framework; path = System/Library/Frameworks/AudioToolbox.framework; sourceTree = SDKROOT; };
		2DB352A919999D1B006BF15C /* Level-2@2x.png */ = {isa = PBXFileReference; lastKnownFileType = image.png; path = "Level-2@2x.png"; sourceTree = "<group>"; };
		2DB352AB19999D5A006BF15C /* SF Movie Poster.ttf */ = {isa = PBXFileReference; lastKnownFileType = file; path = "SF Movie Poster.ttf"; sourceTree = "<group>"; };
		2DB352AD1999A0C4006BF15C /* GameOver-BG@2x.png */ = {isa = PBXFileReference; lastKnownFileType = image.png; path = "GameOver-BG@2x.png"; sourceTree = "<group>"; };
		760897AD1A24FBEA002C28EB /* Tutorial.h */ = {isa = PBXFileReference; fileEncoding = 4; lastKnownFileType = sourcecode.c.h; path = Tutorial.h; sourceTree = "<group>"; };
		760897AE1A24FBEA002C28EB /* Tutorial.m */ = {isa = PBXFileReference; fileEncoding = 4; lastKnownFileType = sourcecode.c.objc; path = Tutorial.m; sourceTree = "<group>"; };
		760897B01A250594002C28EB /* NWCollisions.h */ = {isa = PBXFileReference; lastKnownFileType = sourcecode.c.h; path = NWCollisions.h; sourceTree = "<group>"; };
		760C79C11A70281900E58170 /* Ship-Fragment.atlas */ = {isa = PBXFileReference; lastKnownFileType = folder.skatlas; path = "Ship-Fragment.atlas"; sourceTree = "<group>"; };
		760C79C31A702B9700E58170 /* Shield.atlas */ = {isa = PBXFileReference; lastKnownFileType = folder.skatlas; path = Shield.atlas; sourceTree = "<group>"; };
		76105BCF19E5B3D400A3F242 /* Multipliers.h */ = {isa = PBXFileReference; fileEncoding = 4; lastKnownFileType = sourcecode.c.h; path = Multipliers.h; sourceTree = "<group>"; };
		76105BD019E5B3D400A3F242 /* Multipliers.m */ = {isa = PBXFileReference; fileEncoding = 4; lastKnownFileType = sourcecode.c.objc; path = Multipliers.m; sourceTree = "<group>"; };
		76105BD519F1DB1300A3F242 /* NWAudioPlayer.h */ = {isa = PBXFileReference; fileEncoding = 4; lastKnownFileType = sourcecode.c.h; path = NWAudioPlayer.h; sourceTree = "<group>"; };
		76105BD619F1DB1300A3F242 /* NWAudioPlayer.m */ = {isa = PBXFileReference; fileEncoding = 4; lastKnownFileType = sourcecode.c.objc; path = NWAudioPlayer.m; sourceTree = "<group>"; };
		763BCEC71A32A8A500AF65DB /* buttonPressCodex.png */ = {isa = PBXFileReference; lastKnownFileType = image.png; path = buttonPressCodex.png; sourceTree = "<group>"; };
		763BCECC1A32B67600AF65DB /* buttonCodex.png */ = {isa = PBXFileReference; lastKnownFileType = image.png; path = buttonCodex.png; sourceTree = "<group>"; };
		763BCECE1A32BA2300AF65DB /* Settings.png */ = {isa = PBXFileReference; lastKnownFileType = image.png; path = Settings.png; sourceTree = "<group>"; };
		763BCED21A334F0000AF65DB /* NWCodex.h */ = {isa = PBXFileReference; fileEncoding = 4; lastKnownFileType = sourcecode.c.h; path = NWCodex.h; sourceTree = "<group>"; };
		763BCED31A334F0000AF65DB /* NWCodex.m */ = {isa = PBXFileReference; fileEncoding = 4; lastKnownFileType = sourcecode.c.objc; path = NWCodex.m; sourceTree = "<group>"; };
		763BCED51A33550000AF65DB /* buttonCredits.png */ = {isa = PBXFileReference; lastKnownFileType = image.png; path = buttonCredits.png; sourceTree = "<group>"; };
		763BCED61A33550000AF65DB /* buttonPressCredits.png */ = {isa = PBXFileReference; lastKnownFileType = image.png; path = buttonPressCredits.png; sourceTree = "<group>"; };
		7640AFB619E06F9A00EFD3C5 /* 2xMulti@2x.png */ = {isa = PBXFileReference; lastKnownFileType = image.png; path = "2xMulti@2x.png"; sourceTree = "<group>"; };
		7640AFB719E06F9A00EFD3C5 /* 3xMulti@2x.png */ = {isa = PBXFileReference; lastKnownFileType = image.png; path = "3xMulti@2x.png"; sourceTree = "<group>"; };
		764BF94B199EBC3F007DABF8 /* KeychainWrapper.h */ = {isa = PBXFileReference; fileEncoding = 4; lastKnownFileType = sourcecode.c.h; path = KeychainWrapper.h; sourceTree = "<group>"; };
		764BF94C199EBC3F007DABF8 /* KeychainWrapper.m */ = {isa = PBXFileReference; fileEncoding = 4; lastKnownFileType = sourcecode.c.objc; path = KeychainWrapper.m; sourceTree = "<group>"; };
		764BF9A019A19A11007DABF8 /* arrowL@2x.png */ = {isa = PBXFileReference; lastKnownFileType = image.png; path = "arrowL@2x.png"; sourceTree = "<group>"; };
		764BF9A119A19A11007DABF8 /* arrowR@2x.png */ = {isa = PBXFileReference; lastKnownFileType = image.png; path = "arrowR@2x.png"; sourceTree = "<group>"; };
		764BF9A419A2BC04007DABF8 /* Nova-L2@2x.png */ = {isa = PBXFileReference; lastKnownFileType = image.png; path = "Nova-L2@2x.png"; sourceTree = "<group>"; };
		764BF9A519A2BC04007DABF8 /* Nova-L1@2x.png */ = {isa = PBXFileReference; lastKnownFileType = image.png; path = "Nova-L1@2x.png"; sourceTree = "<group>"; };
		7651E8D419B0EC8900F7E9D0 /* Level-1-Music.m4a */ = {isa = PBXFileReference; lastKnownFileType = file; path = "Level-1-Music.m4a"; sourceTree = "<group>"; };
		7651E8D619B0FFA900F7E9D0 /* Level-2-Music.m4a */ = {isa = PBXFileReference; lastKnownFileType = file; path = "Level-2-Music.m4a"; sourceTree = "<group>"; };
		765C9BDF1A2109860050C847 /* NWColor.h */ = {isa = PBXFileReference; fileEncoding = 4; lastKnownFileType = sourcecode.c.h; path = NWColor.h; sourceTree = "<group>"; };
		765C9BE01A2109860050C847 /* NWColor.m */ = {isa = PBXFileReference; fileEncoding = 4; lastKnownFileType = sourcecode.c.objc; path = NWColor.m; sourceTree = "<group>"; };
		765DF28C19A9290F00FBFB16 /* LevelOne.h */ = {isa = PBXFileReference; fileEncoding = 4; lastKnownFileType = sourcecode.c.h; path = LevelOne.h; sourceTree = "<group>"; };
		765DF28D19A9290F00FBFB16 /* LevelOne.m */ = {isa = PBXFileReference; fileEncoding = 4; lastKnownFileType = sourcecode.c.objc; path = LevelOne.m; sourceTree = "<group>"; };
		765DF28F19A9293100FBFB16 /* spark.png */ = {isa = PBXFileReference; lastKnownFileType = image.png; path = spark.png; sourceTree = "<group>"; };
		765DF29019A9293100FBFB16 /* Stars-L1.sks */ = {isa = PBXFileReference; lastKnownFileType = file.sks; path = "Stars-L1.sks"; sourceTree = "<group>"; };
		765DF29319A9293D00FBFB16 /* NORLabelNode.h */ = {isa = PBXFileReference; fileEncoding = 4; lastKnownFileType = sourcecode.c.h; path = NORLabelNode.h; sourceTree = "<group>"; };
		765DF29419A9293D00FBFB16 /* NORLabelNode.m */ = {isa = PBXFileReference; fileEncoding = 4; lastKnownFileType = sourcecode.c.objc; path = NORLabelNode.m; sourceTree = "<group>"; };
		765DF29719A9294B00FBFB16 /* GameOver-L1@2x.png */ = {isa = PBXFileReference; lastKnownFileType = image.png; path = "GameOver-L1@2x.png"; sourceTree = "<group>"; };
		765DF29A19A9295800FBFB16 /* GameOverL1.h */ = {isa = PBXFileReference; fileEncoding = 4; lastKnownFileType = sourcecode.c.h; path = GameOverL1.h; sourceTree = "<group>"; };
		765DF29B19A9295800FBFB16 /* GameOverL1.m */ = {isa = PBXFileReference; fileEncoding = 4; lastKnownFileType = sourcecode.c.objc; path = GameOverL1.m; sourceTree = "<group>"; };
		765DF29D19A9298900FBFB16 /* menuMusic.m4a */ = {isa = PBXFileReference; lastKnownFileType = file; path = menuMusic.m4a; sourceTree = "<group>"; };
		767320DC1A3B96530057EF70 /* NovaWingAppIcon-1024.jpg */ = {isa = PBXFileReference; lastKnownFileType = image.jpeg; path = "NovaWingAppIcon-1024.jpg"; sourceTree = "<group>"; };
		767320DD1A3B96530057EF70 /* NovaWingIcon@2x.png */ = {isa = PBXFileReference; lastKnownFileType = image.png; path = "NovaWingIcon@2x.png"; sourceTree = "<group>"; };
		767320DE1A3B96530057EF70 /* NovaWingIcon@3x.png */ = {isa = PBXFileReference; lastKnownFileType = image.png; path = "NovaWingIcon@3x.png"; sourceTree = "<group>"; };
		767320DF1A3B96530057EF70 /* NovaWingSettings@2x.png */ = {isa = PBXFileReference; lastKnownFileType = image.png; path = "NovaWingSettings@2x.png"; sourceTree = "<group>"; };
		767320E01A3B96530057EF70 /* NovaWingSettings@3x.png */ = {isa = PBXFileReference; lastKnownFileType = image.png; path = "NovaWingSettings@3x.png"; sourceTree = "<group>"; };
		767320E11A3B96530057EF70 /* NovaWingSpotlight@2x.png */ = {isa = PBXFileReference; lastKnownFileType = image.png; path = "NovaWingSpotlight@2x.png"; sourceTree = "<group>"; };
		767320E21A3B96530057EF70 /* NovaWingSpotlight@3x.png */ = {isa = PBXFileReference; lastKnownFileType = image.png; path = "NovaWingSpotlight@3x.png"; sourceTree = "<group>"; };
		767320EB1A3CBD8E0057EF70 /* Codex_Constr@2x.jpg */ = {isa = PBXFileReference; lastKnownFileType = image.jpeg; path = "Codex_Constr@2x.jpg"; sourceTree = "<group>"; };
		767320EC1A3CBD8E0057EF70 /* Codex_Constr@3x.jpg */ = {isa = PBXFileReference; lastKnownFileType = image.jpeg; path = "Codex_Constr@3x.jpg"; sourceTree = "<group>"; };
		767320EF1A3CBDAD0057EF70 /* buttonPressPlay@2x.png */ = {isa = PBXFileReference; lastKnownFileType = image.png; path = "buttonPressPlay@2x.png"; sourceTree = "<group>"; };
		767320F01A3CBDAD0057EF70 /* buttonPressReplayTut.png */ = {isa = PBXFileReference; lastKnownFileType = image.png; path = buttonPressReplayTut.png; sourceTree = "<group>"; };
		767320F11A3CBDAD0057EF70 /* buttonReplayTut.png */ = {isa = PBXFileReference; lastKnownFileType = image.png; path = buttonReplayTut.png; sourceTree = "<group>"; };
		767320F51A3CBDD70057EF70 /* buttonPlay@2x.png */ = {isa = PBXFileReference; lastKnownFileType = image.png; path = "buttonPlay@2x.png"; sourceTree = "<group>"; };
		7673211F1A574CE00057EF70 /* AutoCannon-Fire.caf */ = {isa = PBXFileReference; lastKnownFileType = file; path = "AutoCannon-Fire.caf"; sourceTree = "<group>"; };
		767321201A574CE00057EF70 /* AutoCannon-Spool.caf */ = {isa = PBXFileReference; lastKnownFileType = file; path = "AutoCannon-Spool.caf"; sourceTree = "<group>"; };
		767321211A574CE00057EF70 /* Button-Press.caf */ = {isa = PBXFileReference; lastKnownFileType = file; path = "Button-Press.caf"; sourceTree = "<group>"; };
		767321221A574CE00057EF70 /* Cannon-Hit-Explode.caf */ = {isa = PBXFileReference; lastKnownFileType = file; path = "Cannon-Hit-Explode.caf"; sourceTree = "<group>"; };
		767321231A574CE00057EF70 /* Explosion.caf */ = {isa = PBXFileReference; lastKnownFileType = file; path = Explosion.caf; sourceTree = "<group>"; };
		767321241A574CE00057EF70 /* Multiplier-Collection.caf */ = {isa = PBXFileReference; lastKnownFileType = file; path = "Multiplier-Collection.caf"; sourceTree = "<group>"; };
		767321251A574CE00057EF70 /* Score-Collect.caf */ = {isa = PBXFileReference; lastKnownFileType = file; path = "Score-Collect.caf"; sourceTree = "<group>"; };
		767321261A574CE00057EF70 /* Shield-PowerUp.caf */ = {isa = PBXFileReference; lastKnownFileType = file; path = "Shield-PowerUp.caf"; sourceTree = "<group>"; };
		767321271A574CE00057EF70 /* ShieldBreak.caf */ = {isa = PBXFileReference; lastKnownFileType = file; path = ShieldBreak.caf; sourceTree = "<group>"; };
		767321281A574CE00057EF70 /* ShieldCollision.caf */ = {isa = PBXFileReference; lastKnownFileType = file; path = ShieldCollision.caf; sourceTree = "<group>"; };
		767321291A574CE00057EF70 /* Ship-Explode.caf */ = {isa = PBXFileReference; lastKnownFileType = file; path = "Ship-Explode.caf"; sourceTree = "<group>"; };
		7673212A1A574CE00057EF70 /* TinyNova-Collect.caf */ = {isa = PBXFileReference; lastKnownFileType = file; path = "TinyNova-Collect.caf"; sourceTree = "<group>"; };
		7673212B1A574CE00057EF70 /* Wingman-Collect.caf */ = {isa = PBXFileReference; lastKnownFileType = file; path = "Wingman-Collect.caf"; sourceTree = "<group>"; };
		767321391A5B66870057EF70 /* Asteroid-1.atlas */ = {isa = PBXFileReference; lastKnownFileType = folder.skatlas; path = "Asteroid-1.atlas"; sourceTree = "<group>"; };
		7673213B1A5C276A0057EF70 /* Asteroid-2.atlas */ = {isa = PBXFileReference; lastKnownFileType = folder.skatlas; path = "Asteroid-2.atlas"; sourceTree = "<group>"; };
		7673213C1A5C276A0057EF70 /* Asteroid-3.atlas */ = {isa = PBXFileReference; lastKnownFileType = folder.skatlas; path = "Asteroid-3.atlas"; sourceTree = "<group>"; };
		7673213D1A5C276A0057EF70 /* Asteroid-Red.atlas */ = {isa = PBXFileReference; lastKnownFileType = folder.skatlas; path = "Asteroid-Red.atlas"; sourceTree = "<group>"; };
		7678881819E1C43E009714A1 /* 4xMulti@2x.png */ = {isa = PBXFileReference; lastKnownFileType = image.png; path = "4xMulti@2x.png"; sourceTree = "<group>"; };
		7678881919E1C43E009714A1 /* 5xMulti@2x.png */ = {isa = PBXFileReference; lastKnownFileType = image.png; path = "5xMulti@2x.png"; sourceTree = "<group>"; };
		767DE0041A0C72FF00E098DF /* TinyNova@2x.png */ = {isa = PBXFileReference; lastKnownFileType = image.png; path = "TinyNova@2x.png"; sourceTree = "<group>"; };
		76B9821119FC7A4E00F7E606 /* Autocannon@2x.png */ = {isa = PBXFileReference; lastKnownFileType = image.png; path = "Autocannon@2x.png"; sourceTree = "<group>"; };
		76B9821219FC7A4E00F7E606 /* Overshield@2x.png */ = {isa = PBXFileReference; lastKnownFileType = image.png; path = "Overshield@2x.png"; sourceTree = "<group>"; };
		76B9821319FC7A4E00F7E606 /* Wingman@2x.png */ = {isa = PBXFileReference; lastKnownFileType = image.png; path = "Wingman@2x.png"; sourceTree = "<group>"; };
		76B9E91619FB1BE8000EF044 /* ShipTrail.sks */ = {isa = PBXFileReference; lastKnownFileType = file.sks; path = ShipTrail.sks; sourceTree = "<group>"; };
		76B9E91919FBF04D000EF044 /* PowerUps.h */ = {isa = PBXFileReference; fileEncoding = 4; lastKnownFileType = sourcecode.c.h; path = PowerUps.h; sourceTree = "<group>"; };
		76B9E91A19FBF04D000EF044 /* PowerUps.m */ = {isa = PBXFileReference; fileEncoding = 4; lastKnownFileType = sourcecode.c.objc; path = PowerUps.m; sourceTree = "<group>"; };
		76C6F15319A2CCB100B37331 /* Level-1@2x.png */ = {isa = PBXFileReference; lastKnownFileType = image.png; path = "Level-1@2x.png"; sourceTree = "<group>"; };
/* End PBXFileReference section */

/* Begin PBXFrameworksBuildPhase section */
		2DB3521419996B83006BF15C /* Frameworks */ = {
			isa = PBXFrameworksBuildPhase;
			buildActionMask = 2147483647;
			files = (
				2DB352A619999942006BF15C /* AudioToolbox.framework in Frameworks */,
				2DB352A4199998BA006BF15C /* AVFoundation.framework in Frameworks */,
				2DB3521D19996B83006BF15C /* CoreGraphics.framework in Frameworks */,
				2DB3521F19996B83006BF15C /* UIKit.framework in Frameworks */,
				2DB3522119996B83006BF15C /* SpriteKit.framework in Frameworks */,
				2DB3521B19996B83006BF15C /* Foundation.framework in Frameworks */,
			);
			runOnlyForDeploymentPostprocessing = 0;
		};
		2DB3523C19996B83006BF15C /* Frameworks */ = {
			isa = PBXFrameworksBuildPhase;
			buildActionMask = 2147483647;
			files = (
				2DB3524119996B83006BF15C /* XCTest.framework in Frameworks */,
				2DB3524319996B83006BF15C /* UIKit.framework in Frameworks */,
				2DB3524219996B83006BF15C /* Foundation.framework in Frameworks */,
			);
			runOnlyForDeploymentPostprocessing = 0;
		};
/* End PBXFrameworksBuildPhase section */

/* Begin PBXGroup section */
		2DB3520E19996B83006BF15C = {
			isa = PBXGroup;
			children = (
				2DB3522219996B83006BF15C /* Nova Wing */,
				2DB3524619996B83006BF15C /* Nova WingTests */,
				2DB3521919996B83006BF15C /* Frameworks */,
				2DB3521819996B83006BF15C /* Products */,
			);
			sourceTree = "<group>";
		};
		2DB3521819996B83006BF15C /* Products */ = {
			isa = PBXGroup;
			children = (
				2DB3521719996B83006BF15C /* Nova Wing.app */,
				2DB3523F19996B83006BF15C /* Nova WingTests.xctest */,
			);
			name = Products;
			sourceTree = "<group>";
		};
		2DB3521919996B83006BF15C /* Frameworks */ = {
			isa = PBXGroup;
			children = (
				2DB352A519999942006BF15C /* AudioToolbox.framework */,
				2DB352A3199998BA006BF15C /* AVFoundation.framework */,
				2DB3521A19996B83006BF15C /* Foundation.framework */,
				2DB3521C19996B83006BF15C /* CoreGraphics.framework */,
				2DB3521E19996B83006BF15C /* UIKit.framework */,
				2DB3522019996B83006BF15C /* SpriteKit.framework */,
				2DB3524019996B83006BF15C /* XCTest.framework */,
			);
			name = Frameworks;
			sourceTree = "<group>";
		};
		2DB3522219996B83006BF15C /* Nova Wing */ = {
			isa = PBXGroup;
			children = (
				2DB3529C1999950C006BF15C /* Audio */,
				2DB3526C199993D1006BF15C /* Images */,
				2DB3525619996C98006BF15C /* Levels */,
				2DB3522B19996B83006BF15C /* AppDelegate.h */,
				2DB3522C19996B83006BF15C /* AppDelegate.m */,
				2DB3522E19996B83006BF15C /* Main.storyboard */,
				2DB3523119996B83006BF15C /* ViewController.h */,
				2DB3523219996B83006BF15C /* ViewController.m */,
				2DB3523419996B83006BF15C /* MainMenu.h */,
				2DB3523519996B83006BF15C /* MainMenu.m */,
				2DB3523919996B83006BF15C /* Images.xcassets */,
				2DB3522319996B83006BF15C /* Supporting Files */,
				2DB3525F19997295006BF15C /* Internal Classes */,
				2DB3525B19996D02006BF15C /* External Classes */,
			);
			path = "Nova Wing";
			sourceTree = "<group>";
		};
		2DB3522319996B83006BF15C /* Supporting Files */ = {
			isa = PBXGroup;
			children = (
				760897B01A250594002C28EB /* NWCollisions.h */,
				2DB352AB19999D5A006BF15C /* SF Movie Poster.ttf */,
				2DB3522419996B83006BF15C /* Nova Wing-Info.plist */,
				2DB3522519996B83006BF15C /* InfoPlist.strings */,
				2DB3522819996B83006BF15C /* main.m */,
				2DB3522A19996B83006BF15C /* Nova Wing-Prefix.pch */,
			);
			name = "Supporting Files";
			sourceTree = "<group>";
		};
		2DB3524619996B83006BF15C /* Nova WingTests */ = {
			isa = PBXGroup;
			children = (
				2DB3524C19996B83006BF15C /* Nova_WingTests.m */,
				2DB3524719996B83006BF15C /* Supporting Files */,
			);
			path = "Nova WingTests";
			sourceTree = "<group>";
		};
		2DB3524719996B83006BF15C /* Supporting Files */ = {
			isa = PBXGroup;
			children = (
				2DB3524819996B83006BF15C /* Nova WingTests-Info.plist */,
				2DB3524919996B83006BF15C /* InfoPlist.strings */,
			);
			name = "Supporting Files";
			sourceTree = "<group>";
		};
		2DB3525619996C98006BF15C /* Levels */ = {
			isa = PBXGroup;
			children = (
				763BCED21A334F0000AF65DB /* NWCodex.h */,
				763BCED31A334F0000AF65DB /* NWCodex.m */,
				760897AA1A24FB80002C28EB /* Tutorial */,
				765DF28919A9288200FBFB16 /* Level 1: Event Horizon */,
			);
			name = Levels;
			sourceTree = "<group>";
		};
		2DB3525B19996D02006BF15C /* External Classes */ = {
			isa = PBXGroup;
			children = (
				765DF29319A9293D00FBFB16 /* NORLabelNode.h */,
				765DF29419A9293D00FBFB16 /* NORLabelNode.m */,
				764BF94B199EBC3F007DABF8 /* KeychainWrapper.h */,
				764BF94C199EBC3F007DABF8 /* KeychainWrapper.m */,
				2DB3525C19996D6D006BF15C /* PBParallaxScrolling.h */,
				2DB3525D19996D6D006BF15C /* PBParallaxScrolling.m */,
			);
			name = "External Classes";
			sourceTree = "<group>";
		};
		2DB3525F19997295006BF15C /* Internal Classes */ = {
			isa = PBXGroup;
			children = (
				76B9E91819FBF011000EF044 /* Game Objects */,
				765C9BDF1A2109860050C847 /* NWColor.h */,
				765C9BE01A2109860050C847 /* NWColor.m */,
				76105BD519F1DB1300A3F242 /* NWAudioPlayer.h */,
				76105BD619F1DB1300A3F242 /* NWAudioPlayer.m */,
				2DB35260199972CD006BF15C /* GameObjects.h */,
				2DB35261199972CD006BF15C /* GameObjects.m */,
				2DB3526919997A98006BF15C /* GameState.h */,
				2DB3526A19997A98006BF15C /* GameState.m */,
				2D4C0B9819A6D29B00AD0717 /* Ships.h */,
				2D4C0B9919A6D29B00AD0717 /* Ships.m */,
				2D800FF819AC14FC0067CAC1 /* Obstacles.h */,
				2D800FF919AC14FC0067CAC1 /* Obstacles.m */,
			);
			name = "Internal Classes";
			sourceTree = "<group>";
		};
		2DB3526C199993D1006BF15C /* Images */ = {
			isa = PBXGroup;
			children = (
				2DB352A119999575006BF15C /* Levels */,
				2DB352951999948F006BF15C /* Ships */,
				2DB3526D199993DA006BF15C /* Main */,
			);
			name = Images;
			sourceTree = "<group>";
		};
		2DB3526D199993DA006BF15C /* Main */ = {
			isa = PBXGroup;
			children = (
				767320EA1A3CBD810057EF70 /* Backgrounds */,
				76B9E91C19FC1891000EF044 /* Game Objects */,
				76B9E91D19FC18A8000EF044 /* Buttons */,
				76B9E92219FC2863000EF044 /* Icons */,
				2DB3529A199994C0006BF15C /* Title.png */,
				2DB35298199994B9006BF15C /* Stars-Seamless.jpg */,
			);
			name = Main;
			sourceTree = "<group>";
		};
		2DB3527E1999942C006BF15C /* GameObjects */ = {
			isa = PBXGroup;
			children = (
				2DB3527F19999445006BF15C /* AOb-1@2x.png */,
				2DB3528019999445006BF15C /* AOb-2@2x.png */,
				2DB3528119999445006BF15C /* AOb-3@2x.png */,
				2DB3528219999445006BF15C /* Pillar-1@2x.png */,
				2DB3528319999445006BF15C /* Pillar-2@2x.png */,
				2DB3528419999445006BF15C /* Pillar-3@2x.png */,
				2DB3528519999445006BF15C /* Pillar-4@2x.png */,
			);
			name = GameObjects;
			sourceTree = "<group>";
		};
		2DB352951999948F006BF15C /* Ships */ = {
			isa = PBXGroup;
			children = (
				764BF9A519A2BC04007DABF8 /* Nova-L1@2x.png */,
				764BF9A419A2BC04007DABF8 /* Nova-L2@2x.png */,
			);
			name = Ships;
			sourceTree = "<group>";
		};
		2DB3529C1999950C006BF15C /* Audio */ = {
			isa = PBXGroup;
			children = (
				2DB3529E19999516006BF15C /* Levels */,
				2DB3529D19999510006BF15C /* Main */,
			);
			name = Audio;
			sourceTree = "<group>";
		};
		2DB3529D19999510006BF15C /* Main */ = {
			isa = PBXGroup;
			children = (
				767320F71A4617530057EF70 /* GameSFX */,
				765DF29D19A9298900FBFB16 /* menuMusic.m4a */,
			);
			name = Main;
			sourceTree = "<group>";
		};
		2DB3529E19999516006BF15C /* Levels */ = {
			isa = PBXGroup;
			children = (
				7651E8D619B0FFA900F7E9D0 /* Level-2-Music.m4a */,
				7651E8D419B0EC8900F7E9D0 /* Level-1-Music.m4a */,
			);
			name = Levels;
			sourceTree = "<group>";
		};
		2DB352A119999575006BF15C /* Levels */ = {
			isa = PBXGroup;
			children = (
				2D3754171A788F660064CB10 /* Black-Hole-1@2x.png */,
				760C79C31A702B9700E58170 /* Shield.atlas */,
				760C79C11A70281900E58170 /* Ship-Fragment.atlas */,
				7673213B1A5C276A0057EF70 /* Asteroid-2.atlas */,
				7673213C1A5C276A0057EF70 /* Asteroid-3.atlas */,
				7673213D1A5C276A0057EF70 /* Asteroid-Red.atlas */,
				767321391A5B66870057EF70 /* Asteroid-1.atlas */,
				765DF28819A9286700FBFB16 /* Level 1 */,
				2DB352A21999957A006BF15C /* Level 2 */,
			);
			name = Levels;
			sourceTree = "<group>";
		};
		2DB352A21999957A006BF15C /* Level 2 */ = {
			isa = PBXGroup;
			children = (
				2DB352AD1999A0C4006BF15C /* GameOver-BG@2x.png */,
				2DB3527E1999942C006BF15C /* GameObjects */,
				2DB3528D19999485006BF15C /* Level-1-Far@2x.png */,
				2DB3528E19999485006BF15C /* Level-1-Floor@2x.png */,
				2DB3528F19999485006BF15C /* Level-1-Mid@2x.png */,
				2DB3529019999485006BF15C /* Level-1-Sky@2x.png */,
			);
			name = "Level 2";
			sourceTree = "<group>";
		};
		760897AA1A24FB80002C28EB /* Tutorial */ = {
			isa = PBXGroup;
			children = (
				760897AD1A24FBEA002C28EB /* Tutorial.h */,
				760897AE1A24FBEA002C28EB /* Tutorial.m */,
			);
			name = Tutorial;
			sourceTree = "<group>";
		};
		765DF28819A9286700FBFB16 /* Level 1 */ = {
			isa = PBXGroup;
			children = (
				765DF29719A9294B00FBFB16 /* GameOver-L1@2x.png */,
			);
			name = "Level 1";
			sourceTree = "<group>";
		};
		765DF28919A9288200FBFB16 /* Level 1: Event Horizon */ = {
			isa = PBXGroup;
			children = (
				76B9E91619FB1BE8000EF044 /* ShipTrail.sks */,
				765DF28F19A9293100FBFB16 /* spark.png */,
				765DF29019A9293100FBFB16 /* Stars-L1.sks */,
				2D9909491A1EC09D00D9CDE8 /* Laser.png */,
				765DF28C19A9290F00FBFB16 /* LevelOne.h */,
				765DF28D19A9290F00FBFB16 /* LevelOne.m */,
				765DF29A19A9295800FBFB16 /* GameOverL1.h */,
				765DF29B19A9295800FBFB16 /* GameOverL1.m */,
			);
			name = "Level 1: Event Horizon";
			sourceTree = "<group>";
		};
		767320EA1A3CBD810057EF70 /* Backgrounds */ = {
			isa = PBXGroup;
			children = (
				767320EB1A3CBD8E0057EF70 /* Codex_Constr@2x.jpg */,
				767320EC1A3CBD8E0057EF70 /* Codex_Constr@3x.jpg */,
			);
			name = Backgrounds;
			sourceTree = "<group>";
		};
		767320F71A4617530057EF70 /* GameSFX */ = {
			isa = PBXGroup;
			children = (
				7673211F1A574CE00057EF70 /* AutoCannon-Fire.caf */,
				767321201A574CE00057EF70 /* AutoCannon-Spool.caf */,
				767321211A574CE00057EF70 /* Button-Press.caf */,
				767321221A574CE00057EF70 /* Cannon-Hit-Explode.caf */,
				767321231A574CE00057EF70 /* Explosion.caf */,
				767321241A574CE00057EF70 /* Multiplier-Collection.caf */,
				767321251A574CE00057EF70 /* Score-Collect.caf */,
				767321261A574CE00057EF70 /* Shield-PowerUp.caf */,
				767321271A574CE00057EF70 /* ShieldBreak.caf */,
				767321281A574CE00057EF70 /* ShieldCollision.caf */,
				767321291A574CE00057EF70 /* Ship-Explode.caf */,
				7673212A1A574CE00057EF70 /* TinyNova-Collect.caf */,
				7673212B1A574CE00057EF70 /* Wingman-Collect.caf */,
			);
			name = GameSFX;
			sourceTree = "<group>";
		};
		76B9E91819FBF011000EF044 /* Game Objects */ = {
			isa = PBXGroup;
			children = (
				76105BCF19E5B3D400A3F242 /* Multipliers.h */,
				76105BD019E5B3D400A3F242 /* Multipliers.m */,
				76B9E91919FBF04D000EF044 /* PowerUps.h */,
				76B9E91A19FBF04D000EF044 /* PowerUps.m */,
			);
			name = "Game Objects";
			sourceTree = "<group>";
		};
		76B9E91C19FC1891000EF044 /* Game Objects */ = {
			isa = PBXGroup;
			children = (
				767DE0041A0C72FF00E098DF /* TinyNova@2x.png */,
				76B9821119FC7A4E00F7E606 /* Autocannon@2x.png */,
				76B9821219FC7A4E00F7E606 /* Overshield@2x.png */,
				76B9821319FC7A4E00F7E606 /* Wingman@2x.png */,
				7678881819E1C43E009714A1 /* 4xMulti@2x.png */,
				7678881919E1C43E009714A1 /* 5xMulti@2x.png */,
				7640AFB619E06F9A00EFD3C5 /* 2xMulti@2x.png */,
				7640AFB719E06F9A00EFD3C5 /* 3xMulti@2x.png */,
			);
			name = "Game Objects";
			sourceTree = "<group>";
		};
		76B9E91D19FC18A8000EF044 /* Buttons */ = {
			isa = PBXGroup;
			children = (
				2D9C37951A771F020083E283 /* Audio_off@2x.png */,
				2D9C37961A771F020083E283 /* Audio_press@2x.png */,
				2D9C37971A771F020083E283 /* Audio@2x.png */,
				767320F51A3CBDD70057EF70 /* buttonPlay@2x.png */,
				767320F11A3CBDAD0057EF70 /* buttonReplayTut.png */,
				763BCED51A33550000AF65DB /* buttonCredits.png */,
				2DB352701999940A006BF15C /* buttonLeaderboard.png */,
				763BCECC1A32B67600AF65DB /* buttonCodex.png */,
				763BCECE1A32BA2300AF65DB /* Settings.png */,
				76C6F15319A2CCB100B37331 /* Level-1@2x.png */,
				2DB352A919999D1B006BF15C /* Level-2@2x.png */,
				764BF9A019A19A11007DABF8 /* arrowL@2x.png */,
				764BF9A119A19A11007DABF8 /* arrowR@2x.png */,
				767320F01A3CBDAD0057EF70 /* buttonPressReplayTut.png */,
				767320EF1A3CBDAD0057EF70 /* buttonPressPlay@2x.png */,
				763BCED61A33550000AF65DB /* buttonPressCredits.png */,
				763BCEC71A32A8A500AF65DB /* buttonPressCodex.png */,
				2DB352711999940A006BF15C /* buttonPressLeaderboard.png */,
				2DB352721999940A006BF15C /* buttonPressSettings.png */,
				2DB352731999940A006BF15C /* buttonPressStart.png */,
				2DB352741999940A006BF15C /* buttonSettings.png */,
				2DB352751999940A006BF15C /* buttonStart.png */,
				2DA3A7111A7717880026BD54 /* vibrateButton_off@2x.png */,
				2DA3A7121A7717880026BD54 /* vibrateButton_press@2x.png */,
				2DA3A7131A7717880026BD54 /* vibrateButton@2x.png */,
			);
			name = Buttons;
			sourceTree = "<group>";
		};
		76B9E92219FC2863000EF044 /* Icons */ = {
			isa = PBXGroup;
			children = (
				767320DC1A3B96530057EF70 /* NovaWingAppIcon-1024.jpg */,
				767320DD1A3B96530057EF70 /* NovaWingIcon@2x.png */,
				767320DE1A3B96530057EF70 /* NovaWingIcon@3x.png */,
				767320DF1A3B96530057EF70 /* NovaWingSettings@2x.png */,
				767320E01A3B96530057EF70 /* NovaWingSettings@3x.png */,
				767320E11A3B96530057EF70 /* NovaWingSpotlight@2x.png */,
				767320E21A3B96530057EF70 /* NovaWingSpotlight@3x.png */,
			);
			name = Icons;
			sourceTree = "<group>";
		};
/* End PBXGroup section */

/* Begin PBXNativeTarget section */
		2DB3521619996B83006BF15C /* Nova Wing */ = {
			isa = PBXNativeTarget;
			buildConfigurationList = 2DB3525019996B83006BF15C /* Build configuration list for PBXNativeTarget "Nova Wing" */;
			buildPhases = (
				2DB3521319996B83006BF15C /* Sources */,
				2DB3521419996B83006BF15C /* Frameworks */,
				2DB3521519996B83006BF15C /* Resources */,
			);
			buildRules = (
			);
			dependencies = (
			);
			name = "Nova Wing";
			productName = "Nova Wing";
			productReference = 2DB3521719996B83006BF15C /* Nova Wing.app */;
			productType = "com.apple.product-type.application";
		};
		2DB3523E19996B83006BF15C /* Nova WingTests */ = {
			isa = PBXNativeTarget;
			buildConfigurationList = 2DB3525319996B83006BF15C /* Build configuration list for PBXNativeTarget "Nova WingTests" */;
			buildPhases = (
				2DB3523B19996B83006BF15C /* Sources */,
				2DB3523C19996B83006BF15C /* Frameworks */,
				2DB3523D19996B83006BF15C /* Resources */,
			);
			buildRules = (
			);
			dependencies = (
				2DB3524519996B83006BF15C /* PBXTargetDependency */,
			);
			name = "Nova WingTests";
			productName = "Nova WingTests";
			productReference = 2DB3523F19996B83006BF15C /* Nova WingTests.xctest */;
			productType = "com.apple.product-type.bundle.unit-test";
		};
/* End PBXNativeTarget section */

/* Begin PBXProject section */
		2DB3520F19996B83006BF15C /* Project object */ = {
			isa = PBXProject;
			attributes = {
				LastUpgradeCheck = 0510;
				ORGANIZATIONNAME = "FIV3 Interactive, LLC";
				TargetAttributes = {
					2DB3521619996B83006BF15C = {
						DevelopmentTeam = 98NY7S79AL;
					};
					2DB3523E19996B83006BF15C = {
						TestTargetID = 2DB3521619996B83006BF15C;
					};
				};
			};
			buildConfigurationList = 2DB3521219996B83006BF15C /* Build configuration list for PBXProject "Nova Wing" */;
			compatibilityVersion = "Xcode 3.2";
			developmentRegion = English;
			hasScannedForEncodings = 0;
			knownRegions = (
				en,
				Base,
			);
			mainGroup = 2DB3520E19996B83006BF15C;
			productRefGroup = 2DB3521819996B83006BF15C /* Products */;
			projectDirPath = "";
			projectRoot = "";
			targets = (
				2DB3521619996B83006BF15C /* Nova Wing */,
				2DB3523E19996B83006BF15C /* Nova WingTests */,
			);
		};
/* End PBXProject section */

/* Begin PBXResourcesBuildPhase section */
		2DB3521519996B83006BF15C /* Resources */ = {
			isa = PBXResourcesBuildPhase;
			buildActionMask = 2147483647;
			files = (
				76B9E91719FB1BE8000EF044 /* ShipTrail.sks in Resources */,
				767321351A574CE00057EF70 /* ShieldCollision.caf in Resources */,
				7673212D1A574CE00057EF70 /* AutoCannon-Spool.caf in Resources */,
				2DB3528819999445006BF15C /* AOb-3@2x.png in Resources */,
				765DF29919A9294B00FBFB16 /* GameOver-L1@2x.png in Resources */,
				767320F31A3CBDAD0057EF70 /* buttonPressReplayTut.png in Resources */,
				2DB3528919999445006BF15C /* Pillar-1@2x.png in Resources */,
				767321311A574CE00057EF70 /* Multiplier-Collection.caf in Resources */,
				764BF9A319A19A11007DABF8 /* arrowR@2x.png in Resources */,
				2DB3528A19999445006BF15C /* Pillar-2@2x.png in Resources */,
				7673212F1A574CE00057EF70 /* Cannon-Hit-Explode.caf in Resources */,
				7673213F1A5C276A0057EF70 /* Asteroid-3.atlas in Resources */,
				7640AFB919E06F9A00EFD3C5 /* 3xMulti@2x.png in Resources */,
				763BCED81A33550000AF65DB /* buttonPressCredits.png in Resources */,
				2DB3527B1999940A006BF15C /* buttonStart.png in Resources */,
				7651E8D719B0FFA900F7E9D0 /* Level-2-Music.m4a in Resources */,
				2DB3522719996B83006BF15C /* InfoPlist.strings in Resources */,
				7678881A19E1C43E009714A1 /* 4xMulti@2x.png in Resources */,
				767320E51A3B96530057EF70 /* NovaWingIcon@3x.png in Resources */,
				764BF9A719A2BC04007DABF8 /* Nova-L1@2x.png in Resources */,
				763BCECD1A32B67600AF65DB /* buttonCodex.png in Resources */,
				2DB3529419999485006BF15C /* Level-1-Sky@2x.png in Resources */,
				767320E31A3B96530057EF70 /* NovaWingAppIcon-1024.jpg in Resources */,
				2DB3529319999485006BF15C /* Level-1-Mid@2x.png in Resources */,
				2DB35299199994B9006BF15C /* Stars-Seamless.jpg in Resources */,
				2DB3528719999445006BF15C /* AOb-2@2x.png in Resources */,
				7673213A1A5B66870057EF70 /* Asteroid-1.atlas in Resources */,
				2DB352AC19999D5A006BF15C /* SF Movie Poster.ttf in Resources */,
				2DB352AA19999D1B006BF15C /* Level-2@2x.png in Resources */,
				2DB3529219999485006BF15C /* Level-1-Floor@2x.png in Resources */,
				2DA3A7141A7717880026BD54 /* vibrateButton_off@2x.png in Resources */,
				2DB352AE1999A0C4006BF15C /* GameOver-BG@2x.png in Resources */,
				2D9C37991A771F020083E283 /* Audio_press@2x.png in Resources */,
				767320F41A3CBDAD0057EF70 /* buttonReplayTut.png in Resources */,
				7651E8D519B0EC8900F7E9D0 /* Level-1-Music.m4a in Resources */,
				76C6F15419A2CCB100B37331 /* Level-1@2x.png in Resources */,
				2DB3529B199994C0006BF15C /* Title.png in Resources */,
				760C79C21A70281900E58170 /* Ship-Fragment.atlas in Resources */,
				76B9821419FC7A4E00F7E606 /* Autocannon@2x.png in Resources */,
				76B9821619FC7A4F00F7E606 /* Wingman@2x.png in Resources */,
				767321321A574CE00057EF70 /* Score-Collect.caf in Resources */,
				765DF29E19A9298900FBFB16 /* menuMusic.m4a in Resources */,
				7678881B19E1C43E009714A1 /* 5xMulti@2x.png in Resources */,
				763BCED71A33550000AF65DB /* buttonCredits.png in Resources */,
				767320E81A3B96530057EF70 /* NovaWingSpotlight@2x.png in Resources */,
				767320E61A3B96530057EF70 /* NovaWingSettings@2x.png in Resources */,
				2D99094A1A1EC09D00D9CDE8 /* Laser.png in Resources */,
				767DE0051A0C72FF00E098DF /* TinyNova@2x.png in Resources */,
				76B9821519FC7A4E00F7E606 /* Overshield@2x.png in Resources */,
				767320E41A3B96530057EF70 /* NovaWingIcon@2x.png in Resources */,
				765DF29219A9293100FBFB16 /* Stars-L1.sks in Resources */,
				767320F21A3CBDAD0057EF70 /* buttonPressPlay@2x.png in Resources */,
				767321401A5C276A0057EF70 /* Asteroid-Red.atlas in Resources */,
				2DB3528B19999445006BF15C /* Pillar-3@2x.png in Resources */,
				2DB352771999940A006BF15C /* buttonPressLeaderboard.png in Resources */,
				767321361A574CE00057EF70 /* Ship-Explode.caf in Resources */,
				763BCEC91A32A8A500AF65DB /* buttonPressCodex.png in Resources */,
				767320E91A3B96530057EF70 /* NovaWingSpotlight@3x.png in Resources */,
				763BCECF1A32BA2300AF65DB /* Settings.png in Resources */,
				2DB3529119999485006BF15C /* Level-1-Far@2x.png in Resources */,
				2DB352781999940A006BF15C /* buttonPressSettings.png in Resources */,
				767321381A574CE00057EF70 /* Wingman-Collect.caf in Resources */,
				2DB3528619999445006BF15C /* AOb-1@2x.png in Resources */,
				767321331A574CE00057EF70 /* Shield-PowerUp.caf in Resources */,
				7673212E1A574CE00057EF70 /* Button-Press.caf in Resources */,
				2DB3528C19999445006BF15C /* Pillar-4@2x.png in Resources */,
				2D9C379A1A771F020083E283 /* Audio@2x.png in Resources */,
				2DB3523A19996B83006BF15C /* Images.xcassets in Resources */,
				7640AFB819E06F9A00EFD3C5 /* 2xMulti@2x.png in Resources */,
				2D3754181A788F660064CB10 /* Black-Hole-1@2x.png in Resources */,
				2DB352761999940A006BF15C /* buttonLeaderboard.png in Resources */,
				764BF9A219A19A11007DABF8 /* arrowL@2x.png in Resources */,
				760C79C41A702B9700E58170 /* Shield.atlas in Resources */,
				7673213E1A5C276A0057EF70 /* Asteroid-2.atlas in Resources */,
				767320E71A3B96530057EF70 /* NovaWingSettings@3x.png in Resources */,
				764BF9A619A2BC04007DABF8 /* Nova-L2@2x.png in Resources */,
				2DB3527A1999940A006BF15C /* buttonSettings.png in Resources */,
				2DB352791999940A006BF15C /* buttonPressStart.png in Resources */,
				2DA3A7151A7717880026BD54 /* vibrateButton_press@2x.png in Resources */,
				767321341A574CE00057EF70 /* ShieldBreak.caf in Resources */,
				2DB3523019996B83006BF15C /* Main.storyboard in Resources */,
				7673212C1A574CE00057EF70 /* AutoCannon-Fire.caf in Resources */,
				767320EE1A3CBD8E0057EF70 /* Codex_Constr@3x.jpg in Resources */,
				767320ED1A3CBD8E0057EF70 /* Codex_Constr@2x.jpg in Resources */,
				767321301A574CE00057EF70 /* Explosion.caf in Resources */,
				765DF29119A9293100FBFB16 /* spark.png in Resources */,
				2DA3A7161A7717880026BD54 /* vibrateButton@2x.png in Resources */,
				767320F61A3CBDD70057EF70 /* buttonPlay@2x.png in Resources */,
				767321371A574CE00057EF70 /* TinyNova-Collect.caf in Resources */,
			);
			runOnlyForDeploymentPostprocessing = 0;
		};
		2DB3523D19996B83006BF15C /* Resources */ = {
			isa = PBXResourcesBuildPhase;
			buildActionMask = 2147483647;
			files = (
				2DB3524B19996B83006BF15C /* InfoPlist.strings in Resources */,
			);
			runOnlyForDeploymentPostprocessing = 0;
		};
/* End PBXResourcesBuildPhase section */

/* Begin PBXSourcesBuildPhase section */
		2DB3521319996B83006BF15C /* Sources */ = {
			isa = PBXSourcesBuildPhase;
			buildActionMask = 2147483647;
			files = (
				2DB3523619996B83006BF15C /* MainMenu.m in Sources */,
				76B9E91B19FBF04D000EF044 /* PowerUps.m in Sources */,
				2DB3523319996B83006BF15C /* ViewController.m in Sources */,
				760897AF1A24FBEA002C28EB /* Tutorial.m in Sources */,
				2DB35262199972CD006BF15C /* GameObjects.m in Sources */,
				765C9BE11A2109860050C847 /* NWColor.m in Sources */,
				763BCED41A334F0000AF65DB /* NWCodex.m in Sources */,
				2D800FFA19AC14FC0067CAC1 /* Obstacles.m in Sources */,
				76105BD719F1DB1300A3F242 /* NWAudioPlayer.m in Sources */,
				765DF29C19A9295800FBFB16 /* GameOverL1.m in Sources */,
				765DF29519A9293D00FBFB16 /* NORLabelNode.m in Sources */,
				2DB3522D19996B83006BF15C /* AppDelegate.m in Sources */,
				764BF94D199EBC3F007DABF8 /* KeychainWrapper.m in Sources */,
				76105BD119E5B3D400A3F242 /* Multipliers.m in Sources */,
				2DB3522919996B83006BF15C /* main.m in Sources */,
				2D4C0B9A19A6D29B00AD0717 /* Ships.m in Sources */,
				2DB3526B19997A98006BF15C /* GameState.m in Sources */,
				765DF28E19A9290F00FBFB16 /* LevelOne.m in Sources */,
			);
			runOnlyForDeploymentPostprocessing = 0;
		};
		2DB3523B19996B83006BF15C /* Sources */ = {
			isa = PBXSourcesBuildPhase;
			buildActionMask = 2147483647;
			files = (
				2DB3524D19996B83006BF15C /* Nova_WingTests.m in Sources */,
			);
			runOnlyForDeploymentPostprocessing = 0;
		};
/* End PBXSourcesBuildPhase section */

/* Begin PBXTargetDependency section */
		2DB3524519996B83006BF15C /* PBXTargetDependency */ = {
			isa = PBXTargetDependency;
			target = 2DB3521619996B83006BF15C /* Nova Wing */;
			targetProxy = 2DB3524419996B83006BF15C /* PBXContainerItemProxy */;
		};
/* End PBXTargetDependency section */

/* Begin PBXVariantGroup section */
		2DB3522519996B83006BF15C /* InfoPlist.strings */ = {
			isa = PBXVariantGroup;
			children = (
				2DB3522619996B83006BF15C /* en */,
			);
			name = InfoPlist.strings;
			sourceTree = "<group>";
		};
		2DB3522E19996B83006BF15C /* Main.storyboard */ = {
			isa = PBXVariantGroup;
			children = (
				2DB3522F19996B83006BF15C /* Base */,
			);
			name = Main.storyboard;
			sourceTree = "<group>";
		};
		2DB3524919996B83006BF15C /* InfoPlist.strings */ = {
			isa = PBXVariantGroup;
			children = (
				2DB3524A19996B83006BF15C /* en */,
			);
			name = InfoPlist.strings;
			sourceTree = "<group>";
		};
/* End PBXVariantGroup section */

/* Begin XCBuildConfiguration section */
		2DB3524E19996B83006BF15C /* Debug */ = {
			isa = XCBuildConfiguration;
			buildSettings = {
				ALWAYS_SEARCH_USER_PATHS = NO;
				CLANG_CXX_LANGUAGE_STANDARD = "gnu++0x";
				CLANG_CXX_LIBRARY = "libc++";
				CLANG_ENABLE_MODULES = YES;
				CLANG_ENABLE_OBJC_ARC = YES;
				CLANG_WARN_BOOL_CONVERSION = YES;
				CLANG_WARN_CONSTANT_CONVERSION = YES;
				CLANG_WARN_DIRECT_OBJC_ISA_USAGE = YES_ERROR;
				CLANG_WARN_EMPTY_BODY = YES;
				CLANG_WARN_ENUM_CONVERSION = YES;
				CLANG_WARN_INT_CONVERSION = YES;
				CLANG_WARN_OBJC_ROOT_CLASS = YES_ERROR;
				CLANG_WARN__DUPLICATE_METHOD_MATCH = YES;
				CODE_SIGN_IDENTITY = "iPhone Developer: Bryan Todd (H87YD5V3C3)";
				"CODE_SIGN_IDENTITY[sdk=iphoneos*]" = "iPhone Developer";
				COPY_PHASE_STRIP = NO;
				GCC_C_LANGUAGE_STANDARD = gnu99;
				GCC_DYNAMIC_NO_PIC = NO;
				GCC_OPTIMIZATION_LEVEL = 0;
				GCC_PREPROCESSOR_DEFINITIONS = (
					"DEBUG=1",
					"$(inherited)",
				);
				GCC_SYMBOLS_PRIVATE_EXTERN = NO;
				GCC_WARN_64_TO_32_BIT_CONVERSION = YES;
				GCC_WARN_ABOUT_RETURN_TYPE = YES_ERROR;
				GCC_WARN_UNDECLARED_SELECTOR = YES;
				GCC_WARN_UNINITIALIZED_AUTOS = YES_AGGRESSIVE;
				GCC_WARN_UNUSED_FUNCTION = YES;
				GCC_WARN_UNUSED_VARIABLE = YES;
				IPHONEOS_DEPLOYMENT_TARGET = 7.1;
				ONLY_ACTIVE_ARCH = YES;
				PROVISIONING_PROFILE = "8f446e39-f7e2-4455-ab7d-291808e916db";
				SDKROOT = iphoneos;
			};
			name = Debug;
		};
		2DB3524F19996B83006BF15C /* Release */ = {
			isa = XCBuildConfiguration;
			buildSettings = {
				ALWAYS_SEARCH_USER_PATHS = NO;
				CLANG_CXX_LANGUAGE_STANDARD = "gnu++0x";
				CLANG_CXX_LIBRARY = "libc++";
				CLANG_ENABLE_MODULES = YES;
				CLANG_ENABLE_OBJC_ARC = YES;
				CLANG_WARN_BOOL_CONVERSION = YES;
				CLANG_WARN_CONSTANT_CONVERSION = YES;
				CLANG_WARN_DIRECT_OBJC_ISA_USAGE = YES_ERROR;
				CLANG_WARN_EMPTY_BODY = YES;
				CLANG_WARN_ENUM_CONVERSION = YES;
				CLANG_WARN_INT_CONVERSION = YES;
				CLANG_WARN_OBJC_ROOT_CLASS = YES_ERROR;
				CLANG_WARN__DUPLICATE_METHOD_MATCH = YES;
				CODE_SIGN_IDENTITY = "iPhone Developer: Bryan Todd (H87YD5V3C3)";
				"CODE_SIGN_IDENTITY[sdk=iphoneos*]" = "iPhone Developer";
				COPY_PHASE_STRIP = YES;
				ENABLE_NS_ASSERTIONS = NO;
				GCC_C_LANGUAGE_STANDARD = gnu99;
				GCC_WARN_64_TO_32_BIT_CONVERSION = YES;
				GCC_WARN_ABOUT_RETURN_TYPE = YES_ERROR;
				GCC_WARN_UNDECLARED_SELECTOR = YES;
				GCC_WARN_UNINITIALIZED_AUTOS = YES_AGGRESSIVE;
				GCC_WARN_UNUSED_FUNCTION = YES;
				GCC_WARN_UNUSED_VARIABLE = YES;
				IPHONEOS_DEPLOYMENT_TARGET = 7.1;
				PROVISIONING_PROFILE = "8f446e39-f7e2-4455-ab7d-291808e916db";
				SDKROOT = iphoneos;
				VALIDATE_PRODUCT = YES;
			};
			name = Release;
		};
		2DB3525119996B83006BF15C /* Debug */ = {
			isa = XCBuildConfiguration;
			buildSettings = {
				ASSETCATALOG_COMPILER_APPICON_NAME = AppIcon;
				ASSETCATALOG_COMPILER_LAUNCHIMAGE_NAME = LaunchImage;
				CODE_SIGN_IDENTITY = "iPhone Developer";
				"CODE_SIGN_IDENTITY[sdk=iphoneos*]" = "iPhone Developer";
				GCC_PRECOMPILE_PREFIX_HEADER = YES;
				GCC_PREFIX_HEADER = "Nova Wing/Nova Wing-Prefix.pch";
				INFOPLIST_FILE = "Nova Wing/Nova Wing-Info.plist";
				IPHONEOS_DEPLOYMENT_TARGET = 8;
				PRODUCT_NAME = "$(TARGET_NAME)";
				PROVISIONING_PROFILE = "8f446e39-f7e2-4455-ab7d-291808e916db";
				SPRITEKIT_TEXTURE_ATLAS_OUTPUT = YES;
				WRAPPER_EXTENSION = app;
			};
			name = Debug;
		};
		2DB3525219996B83006BF15C /* Release */ = {
			isa = XCBuildConfiguration;
			buildSettings = {
				ASSETCATALOG_COMPILER_APPICON_NAME = AppIcon;
				ASSETCATALOG_COMPILER_LAUNCHIMAGE_NAME = LaunchImage;
				CODE_SIGN_IDENTITY = "iPhone Developer";
				"CODE_SIGN_IDENTITY[sdk=iphoneos*]" = "iPhone Developer";
				GCC_PRECOMPILE_PREFIX_HEADER = YES;
				GCC_PREFIX_HEADER = "Nova Wing/Nova Wing-Prefix.pch";
				INFOPLIST_FILE = "Nova Wing/Nova Wing-Info.plist";
				IPHONEOS_DEPLOYMENT_TARGET = 8;
				PRODUCT_NAME = "$(TARGET_NAME)";
				PROVISIONING_PROFILE = "8f446e39-f7e2-4455-ab7d-291808e916db";
				SPRITEKIT_TEXTURE_ATLAS_OUTPUT = YES;
				WRAPPER_EXTENSION = app;
			};
			name = Release;
		};
		2DB3525419996B83006BF15C /* Debug */ = {
			isa = XCBuildConfiguration;
			buildSettings = {
				BUNDLE_LOADER = "$(BUILT_PRODUCTS_DIR)/Nova Wing.app/Nova Wing";
				FRAMEWORK_SEARCH_PATHS = (
					"$(SDKROOT)/Developer/Library/Frameworks",
					"$(inherited)",
					"$(DEVELOPER_FRAMEWORKS_DIR)",
				);
				GCC_PRECOMPILE_PREFIX_HEADER = YES;
				GCC_PREFIX_HEADER = "Nova Wing/Nova Wing-Prefix.pch";
				GCC_PREPROCESSOR_DEFINITIONS = (
					"DEBUG=1",
					"$(inherited)",
				);
				INFOPLIST_FILE = "Nova WingTests/Nova WingTests-Info.plist";
				PRODUCT_NAME = "$(TARGET_NAME)";
				TEST_HOST = "$(BUNDLE_LOADER)";
				WRAPPER_EXTENSION = xctest;
			};
			name = Debug;
		};
		2DB3525519996B83006BF15C /* Release */ = {
			isa = XCBuildConfiguration;
			buildSettings = {
				BUNDLE_LOADER = "$(BUILT_PRODUCTS_DIR)/Nova Wing.app/Nova Wing";
				FRAMEWORK_SEARCH_PATHS = (
					"$(SDKROOT)/Developer/Library/Frameworks",
					"$(inherited)",
					"$(DEVELOPER_FRAMEWORKS_DIR)",
				);
				GCC_PRECOMPILE_PREFIX_HEADER = YES;
				GCC_PREFIX_HEADER = "Nova Wing/Nova Wing-Prefix.pch";
				INFOPLIST_FILE = "Nova WingTests/Nova WingTests-Info.plist";
				PRODUCT_NAME = "$(TARGET_NAME)";
				TEST_HOST = "$(BUNDLE_LOADER)";
				WRAPPER_EXTENSION = xctest;
			};
			name = Release;
		};
/* End XCBuildConfiguration section */

/* Begin XCConfigurationList section */
		2DB3521219996B83006BF15C /* Build configuration list for PBXProject "Nova Wing" */ = {
			isa = XCConfigurationList;
			buildConfigurations = (
				2DB3524E19996B83006BF15C /* Debug */,
				2DB3524F19996B83006BF15C /* Release */,
			);
			defaultConfigurationIsVisible = 0;
			defaultConfigurationName = Release;
		};
		2DB3525019996B83006BF15C /* Build configuration list for PBXNativeTarget "Nova Wing" */ = {
			isa = XCConfigurationList;
			buildConfigurations = (
				2DB3525119996B83006BF15C /* Debug */,
				2DB3525219996B83006BF15C /* Release */,
			);
			defaultConfigurationIsVisible = 0;
			defaultConfigurationName = Release;
		};
		2DB3525319996B83006BF15C /* Build configuration list for PBXNativeTarget "Nova WingTests" */ = {
			isa = XCConfigurationList;
			buildConfigurations = (
				2DB3525419996B83006BF15C /* Debug */,
				2DB3525519996B83006BF15C /* Release */,
			);
			defaultConfigurationIsVisible = 0;
			defaultConfigurationName = Release;
		};
/* End XCConfigurationList section */
	};
	rootObject = 2DB3520F19996B83006BF15C /* Project object */;
}
